// !$*UTF8*$!
{
	archiveVersion = 1;
	classes = {
	};
	objectVersion = 46;
	objects = {

/* Begin PBXBuildFile section */
		0005944E1D4E70EA00D578D5 /* AppDelegate.swift in Sources */ = {isa = PBXBuildFile; fileRef = 0005944D1D4E70EA00D578D5 /* AppDelegate.swift */; };
		000594531D4E70EA00D578D5 /* Main.storyboard in Resources */ = {isa = PBXBuildFile; fileRef = 000594511D4E70EA00D578D5 /* Main.storyboard */; };
		000594551D4E70EA00D578D5 /* Assets.xcassets in Resources */ = {isa = PBXBuildFile; fileRef = 000594541D4E70EA00D578D5 /* Assets.xcassets */; };
		0005945D1D4E714200D578D5 /* CollectionViewController.swift in Sources */ = {isa = PBXBuildFile; fileRef = 0005945C1D4E714200D578D5 /* CollectionViewController.swift */; };
		0005945F1D4E715500D578D5 /* CollectionViewCell.swift in Sources */ = {isa = PBXBuildFile; fileRef = 0005945E1D4E715500D578D5 /* CollectionViewCell.swift */; };
		000594611D4E777700D578D5 /* DetailViewController.swift in Sources */ = {isa = PBXBuildFile; fileRef = 000594601D4E777700D578D5 /* DetailViewController.swift */; };
		000594631D4EC6DD00D578D5 /* detailViewData.json in Resources */ = {isa = PBXBuildFile; fileRef = 000594621D4EC6DD00D578D5 /* detailViewData.json */; };
/* End PBXBuildFile section */

/* Begin PBXFileReference section */
		0005944A1D4E70EA00D578D5 /* collectionViewExample.app */ = {isa = PBXFileReference; explicitFileType = wrapper.application; includeInIndex = 0; path = collectionViewExample.app; sourceTree = BUILT_PRODUCTS_DIR; };
		0005944D1D4E70EA00D578D5 /* AppDelegate.swift */ = {isa = PBXFileReference; lastKnownFileType = sourcecode.swift; path = AppDelegate.swift; sourceTree = "<group>"; };
		000594521D4E70EA00D578D5 /* Base */ = {isa = PBXFileReference; lastKnownFileType = file.storyboard; name = Base; path = Base.lproj/Main.storyboard; sourceTree = "<group>"; };
		000594541D4E70EA00D578D5 /* Assets.xcassets */ = {isa = PBXFileReference; lastKnownFileType = folder.assetcatalog; path = Assets.xcassets; sourceTree = "<group>"; };
		000594561D4E70EA00D578D5 /* Info.plist */ = {isa = PBXFileReference; lastKnownFileType = text.plist.xml; path = Info.plist; sourceTree = "<group>"; };
		0005945C1D4E714200D578D5 /* CollectionViewController.swift */ = {isa = PBXFileReference; fileEncoding = 4; lastKnownFileType = sourcecode.swift; name = CollectionViewController.swift; path = ../CollectionViewController.swift; sourceTree = "<group>"; };
		0005945E1D4E715500D578D5 /* CollectionViewCell.swift */ = {isa = PBXFileReference; fileEncoding = 4; lastKnownFileType = sourcecode.swift; name = CollectionViewCell.swift; path = ../CollectionViewCell.swift; sourceTree = "<group>"; };
		000594601D4E777700D578D5 /* DetailViewController.swift */ = {isa = PBXFileReference; fileEncoding = 4; lastKnownFileType = sourcecode.swift; path = DetailViewController.swift; sourceTree = "<group>"; };
		000594621D4EC6DD00D578D5 /* detailViewData.json */ = {isa = PBXFileReference; fileEncoding = 4; lastKnownFileType = text.json; path = detailViewData.json; sourceTree = "<group>"; };
/* End PBXFileReference section */

/* Begin PBXFrameworksBuildPhase section */
		000594471D4E70EA00D578D5 /* Frameworks */ = {
			isa = PBXFrameworksBuildPhase;
			buildActionMask = 2147483647;
			files = (
			);
			runOnlyForDeploymentPostprocessing = 0;
		};
/* End PBXFrameworksBuildPhase section */

/* Begin PBXGroup section */
		000594411D4E70EA00D578D5 = {
			isa = PBXGroup;
			children = (
				0005944C1D4E70EA00D578D5 /* collectionViewExample */,
				0005944B1D4E70EA00D578D5 /* Products */,
			);
			sourceTree = "<group>";
		};
		0005944B1D4E70EA00D578D5 /* Products */ = {
			isa = PBXGroup;
			children = (
				0005944A1D4E70EA00D578D5 /* collectionViewExample.app */,
			);
			name = Products;
			sourceTree = "<group>";
		};
		0005944C1D4E70EA00D578D5 /* collectionViewExample */ = {
			isa = PBXGroup;
			children = (
				0005944D1D4E70EA00D578D5 /* AppDelegate.swift */,
				0005945C1D4E714200D578D5 /* CollectionViewController.swift */,
				0005945E1D4E715500D578D5 /* CollectionViewCell.swift */,
				000594601D4E777700D578D5 /* DetailViewController.swift */,
				000594511D4E70EA00D578D5 /* Main.storyboard */,
				000594541D4E70EA00D578D5 /* Assets.xcassets */,
				000594561D4E70EA00D578D5 /* Info.plist */,
				000594621D4EC6DD00D578D5 /* detailViewData.json */,
			);
			path = collectionViewExample;
			sourceTree = "<group>";
		};
/* End PBXGroup section */

/* Begin PBXNativeTarget section */
		000594491D4E70EA00D578D5 /* collectionViewExample */ = {
			isa = PBXNativeTarget;
			buildConfigurationList = 000594591D4E70EA00D578D5 /* Build configuration list for PBXNativeTarget "collectionViewExample" */;
			buildPhases = (
				000594461D4E70EA00D578D5 /* Sources */,
				000594471D4E70EA00D578D5 /* Frameworks */,
				000594481D4E70EA00D578D5 /* Resources */,
			);
			buildRules = (
			);
			dependencies = (
			);
			name = collectionViewExample;
			productName = collectionViewExample;
			productReference = 0005944A1D4E70EA00D578D5 /* collectionViewExample.app */;
			productType = "com.apple.product-type.application";
		};
/* End PBXNativeTarget section */

/* Begin PBXProject section */
		000594421D4E70EA00D578D5 /* Project object */ = {
			isa = PBXProject;
			attributes = {
				LastSwiftUpdateCheck = 0730;
				LastUpgradeCheck = 0730;
				ORGANIZATIONNAME = "Koushik, Madhuri";
				TargetAttributes = {
					000594491D4E70EA00D578D5 = {
						CreatedOnToolsVersion = 7.3.1;
					};
				};
			};
			buildConfigurationList = 000594451D4E70EA00D578D5 /* Build configuration list for PBXProject "collectionViewExample" */;
			compatibilityVersion = "Xcode 3.2";
			developmentRegion = English;
			hasScannedForEncodings = 0;
			knownRegions = (
				en,
				Base,
			);
			mainGroup = 000594411D4E70EA00D578D5;
			productRefGroup = 0005944B1D4E70EA00D578D5 /* Products */;
			projectDirPath = "";
			projectRoot = "";
			targets = (
				000594491D4E70EA00D578D5 /* collectionViewExample */,
			);
		};
/* End PBXProject section */

/* Begin PBXResourcesBuildPhase section */
		000594481D4E70EA00D578D5 /* Resources */ = {
			isa = PBXResourcesBuildPhase;
			buildActionMask = 2147483647;
			files = (
				000594631D4EC6DD00D578D5 /* detailViewData.json in Resources */,
				000594551D4E70EA00D578D5 /* Assets.xcassets in Resources */,
				000594531D4E70EA00D578D5 /* Main.storyboard in Resources */,
			);
			runOnlyForDeploymentPostprocessing = 0;
		};
/* End PBXResourcesBuildPhase section */

/* Begin PBXSourcesBuildPhase section */
		000594461D4E70EA00D578D5 /* Sources */ = {
			isa = PBXSourcesBuildPhase;
			buildActionMask = 2147483647;
			files = (
				0005945D1D4E714200D578D5 /* CollectionViewController.swift in Sources */,
				0005944E1D4E70EA00D578D5 /* AppDelegate.swift in Sources */,
				0005945F1D4E715500D578D5 /* CollectionViewCell.swift in Sources */,
				000594611D4E777700D578D5 /* DetailViewController.swift in Sources */,
			);
			runOnlyForDeploymentPostprocessing = 0;
		};
/* End PBXSourcesBuildPhase section */

/* Begin PBXVariantGroup section */
		000594511D4E70EA00D578D5 /* Main.storyboard */ = {
			isa = PBXVariantGroup;
			children = (
				000594521D4E70EA00D578D5 /* Base */,
			);
			name = Main.storyboard;
			sourceTree = "<group>";
		};
/* End PBXVariantGroup section */

/* Begin XCBuildConfiguration section */
		000594571D4E70EA00D578D5 /* Debug */ = {
			isa = XCBuildConfiguration;
			buildSettings = {
				ALWAYS_SEARCH_USER_PATHS = NO;
				CLANG_ANALYZER_NONNULL = YES;
				CLANG_CXX_LANGUAGE_STANDARD = "gnu++0x";
				CLANG_CXX_LIBRARY = "libc++";
				CLANG_ENABLE_MODULES = YES;
				CLANG_ENABLE_OBJC_ARC = YES;
				CLANG_WARN_BOOL_CONVERSION = YES;
				CLANG_WARN_CONSTANT_CONVERSION = YES;
				CLANG_WARN_DIRECT_OBJC_ISA_USAGE = YES_ERROR;
				CLANG_WARN_EMPTY_BODY = YES;
				CLANG_WARN_ENUM_CONVERSION = YES;
				CLANG_WARN_INT_CONVERSION = YES;
				CLANG_WARN_OBJC_ROOT_CLASS = YES_ERROR;
				CLANG_WARN_UNREACHABLE_CODE = YES;
				CLANG_WARN__DUPLICATE_METHOD_MATCH = YES;
				COPY_PHASE_STRIP = NO;
				DEBUG_INFORMATION_FORMAT = dwarf;
				ENABLE_STRICT_OBJC_MSGSEND = YES;
				ENABLE_TESTABILITY = YES;
				GCC_C_LANGUAGE_STANDARD = gnu99;
				GCC_DYNAMIC_NO_PIC = NO;
				GCC_NO_COMMON_BLOCKS = YES;
				GCC_OPTIMIZATION_LEVEL = 0;
				GCC_PREPROCESSOR_DEFINITIONS = (
					"DEBUG=1",
					"$(inherited)",
				);
				GCC_WARN_64_TO_32_BIT_CONVERSION = YES;
				GCC_WARN_ABOUT_RETURN_TYPE = YES_ERROR;
				GCC_WARN_UNDECLARED_SELECTOR = YES;
				GCC_WARN_UNINITIALIZED_AUTOS = YES_AGGRESSIVE;
				GCC_WARN_UNUSED_FUNCTION = YES;
				GCC_WARN_UNUSED_VARIABLE = YES;
				MTL_ENABLE_DEBUG_INFO = YES;
				ONLY_ACTIVE_ARCH = YES;
				SDKROOT = appletvos;
				SWIFT_OPTIMIZATION_LEVEL = "-Onone";
				TARGETED_DEVICE_FAMILY = 3;
				TVOS_DEPLOYMENT_TARGET = 9.2;
			};
			name = Debug;
		};
		000594581D4E70EA00D578D5 /* Release */ = {
			isa = XCBuildConfiguration;
			buildSettings = {
				ALWAYS_SEARCH_USER_PATHS = NO;
				CLANG_ANALYZER_NONNULL = YES;
				CLANG_CXX_LANGUAGE_STANDARD = "gnu++0x";
				CLANG_CXX_LIBRARY = "libc++";
				CLANG_ENABLE_MODULES = YES;
				CLANG_ENABLE_OBJC_ARC = YES;
				CLANG_WARN_BOOL_CONVERSION = YES;
				CLANG_WARN_CONSTANT_CONVERSION = YES;
				CLANG_WARN_DIRECT_OBJC_ISA_USAGE = YES_ERROR;
				CLANG_WARN_EMPTY_BODY = YES;
				CLANG_WARN_ENUM_CONVERSION = YES;
				CLANG_WARN_INT_CONVERSION = YES;
				CLANG_WARN_OBJC_ROOT_CLASS = YES_ERROR;
				CLANG_WARN_UNREACHABLE_CODE = YES;
				CLANG_WARN__DUPLICATE_METHOD_MATCH = YES;
				COPY_PHASE_STRIP = NO;
				DEBUG_INFORMATION_FORMAT = "dwarf-with-dsym";
				ENABLE_NS_ASSERTIONS = NO;
				ENABLE_STRICT_OBJC_MSGSEND = YES;
				GCC_C_LANGUAGE_STANDARD = gnu99;
				GCC_NO_COMMON_BLOCKS = YES;
				GCC_WARN_64_TO_32_BIT_CONVERSION = YES;
				GCC_WARN_ABOUT_RETURN_TYPE = YES_ERROR;
				GCC_WARN_UNDECLARED_SELECTOR = YES;
				GCC_WARN_UNINITIALIZED_AUTOS = YES_AGGRESSIVE;
				GCC_WARN_UNUSED_FUNCTION = YES;
				GCC_WARN_UNUSED_VARIABLE = YES;
				MTL_ENABLE_DEBUG_INFO = NO;
				SDKROOT = appletvos;
				TARGETED_DEVICE_FAMILY = 3;
				TVOS_DEPLOYMENT_TARGET = 9.2;
				VALIDATE_PRODUCT = YES;
			};
			name = Release;
		};
		0005945A1D4E70EA00D578D5 /* Debug */ = {
			isa = XCBuildConfiguration;
			buildSettings = {
				ASSETCATALOG_COMPILER_APPICON_NAME = "App Icon & Top Shelf Image";
				ASSETCATALOG_COMPILER_LAUNCHIMAGE_NAME = LaunchImage;
				INFOPLIST_FILE = collectionViewExample/Info.plist;
				LD_RUNPATH_SEARCH_PATHS = "$(inherited) @executable_path/Frameworks";
				PRODUCT_BUNDLE_IDENTIFIER = maddy.collectionViewExample;
				PRODUCT_NAME = "$(TARGET_NAME)";
			};
			name = Debug;
		};
		0005945B1D4E70EA00D578D5 /* Release */ = {
			isa = XCBuildConfiguration;
			buildSettings = {
				ASSETCATALOG_COMPILER_APPICON_NAME = "App Icon & Top Shelf Image";
				ASSETCATALOG_COMPILER_LAUNCHIMAGE_NAME = LaunchImage;
				INFOPLIST_FILE = collectionViewExample/Info.plist;
				LD_RUNPATH_SEARCH_PATHS = "$(inherited) @executable_path/Frameworks";
				PRODUCT_BUNDLE_IDENTIFIER = maddy.collectionViewExample;
				PRODUCT_NAME = "$(TARGET_NAME)";
			};
			name = Release;
		};
/* End XCBuildConfiguration section */

/* Begin XCConfigurationList section */
		000594451D4E70EA00D578D5 /* Build configuration list for PBXProject "collectionViewExample" */ = {
			isa = XCConfigurationList;
			buildConfigurations = (
				000594571D4E70EA00D578D5 /* Debug */,
				000594581D4E70EA00D578D5 /* Release */,
			);
			defaultConfigurationIsVisible = 0;
			defaultConfigurationName = Release;
		};
		000594591D4E70EA00D578D5 /* Build configuration list for PBXNativeTarget "collectionViewExample" */ = {
			isa = XCConfigurationList;
			buildConfigurations = (
				0005945A1D4E70EA00D578D5 /* Debug */,
				0005945B1D4E70EA00D578D5 /* Release */,
			);
			defaultConfigurationIsVisible = 0;
		};
/* End XCConfigurationList section */
	};
	rootObject = 000594421D4E70EA00D578D5 /* Project object */;
}
